
Microsoft Visual Studio Solution File, Format Version 12.00
# Visual Studio Version 16
VisualStudioVersion = 16.0.31729.503
MinimumVisualStudioVersion = 10.0.40219.1
Project("{9A19103F-16F7-4668-BE54-9A1E7A4F7556}") = "IO.Swagger", "src\IO.Swagger\IO.Swagger.csproj", "{25159E74-78E6-4728-B560-D31B79DE0DCF}"
EndProject
Global
	GlobalSection(SolutionConfigurationPlatforms) = preSolution
		Debug|Any CPU = Debug|Any CPU
		Release|Any CPU = Release|Any CPU
	EndGlobalSection
	GlobalSection(ProjectConfigurationPlatforms) = postSolution
		{25159E74-78E6-4728-B560-D31B79DE0DCF}.Debug|Any CPU.ActiveCfg = Debug|Any CPU
		{25159E74-78E6-4728-B560-D31B79DE0DCF}.Debug|Any CPU.Build.0 = Debug|Any CPU
		{25159E74-78E6-4728-B560-D31B79DE0DCF}.Release|Any CPU.ActiveCfg = Release|Any CPU
		{25159E74-78E6-4728-B560-D31B79DE0DCF}.Release|Any CPU.Build.0 = Release|Any CPU
	EndGlobalSection
	GlobalSection(SolutionProperties) = preSolution
		HideSolutionNode = FALSE
	EndGlobalSection
	GlobalSection(ExtensibilityGlobals) = postSolution
		SolutionGuid = {1440ED6B-DFF8-43F5-81F8-8E478F0A0AAE}
	EndGlobalSection
EndGlobal
